
Microsoft Visual Studio Solution File, Format Version 12.00
# Visual Studio Version 16
VisualStudioVersion = 16.0.31515.178
MinimumVisualStudioVersion = 10.0.40219.1
Project("{9A19103F-16F7-4668-BE54-9A1E7A4F7556}") = "WebApplication", "WebApplication\WebApplication.csproj", "{C0217E69-7422-4E27-A22D-F580EC03A703}"
EndProject
Project("{9A19103F-16F7-4668-BE54-9A1E7A4F7556}") = "WebService", "WebService\WebService.csproj", "{687BB242-F845-43D5-B9C2-2BE6389FABFD}"
EndProject
Project("{FAE04EC0-301F-11D3-BF4B-00C04F79EFBC}") = "WebShared", "WebShared\WebShared.csproj", "{764705AC-991C-4A02-B127-063AC82378F2}"
EndProject
Global
	GlobalSection(SolutionConfigurationPlatforms) = preSolution
		Debug|Any CPU = Debug|Any CPU
		Release|Any CPU = Release|Any CPU
	EndGlobalSection
	GlobalSection(ProjectConfigurationPlatforms) = postSolution
		{C0217E69-7422-4E27-A22D-F580EC03A703}.Debug|Any CPU.ActiveCfg = Debug|Any CPU
		{C0217E69-7422-4E27-A22D-F580EC03A703}.Debug|Any CPU.Build.0 = Debug|Any CPU
		{C0217E69-7422-4E27-A22D-F580EC03A703}.Release|Any CPU.ActiveCfg = Release|Any CPU
		{C0217E69-7422-4E27-A22D-F580EC03A703}.Release|Any CPU.Build.0 = Release|Any CPU
		{687BB242-F845-43D5-B9C2-2BE6389FABFD}.Debug|Any CPU.ActiveCfg = Debug|Any CPU
		{687BB242-F845-43D5-B9C2-2BE6389FABFD}.Debug|Any CPU.Build.0 = Debug|Any CPU
		{687BB242-F845-43D5-B9C2-2BE6389FABFD}.Release|Any CPU.ActiveCfg = Release|Any CPU
		{687BB242-F845-43D5-B9C2-2BE6389FABFD}.Release|Any CPU.Build.0 = Release|Any CPU
		{764705AC-991C-4A02-B127-063AC82378F2}.Debug|Any CPU.ActiveCfg = Debug|Any CPU
		{764705AC-991C-4A02-B127-063AC82378F2}.Debug|Any CPU.Build.0 = Debug|Any CPU
		{764705AC-991C-4A02-B127-063AC82378F2}.Release|Any CPU.ActiveCfg = Release|Any CPU
		{764705AC-991C-4A02-B127-063AC82378F2}.Release|Any CPU.Build.0 = Release|Any CPU
	EndGlobalSection
	GlobalSection(SolutionProperties) = preSolution
		HideSolutionNode = FALSE
	EndGlobalSection
	GlobalSection(ExtensibilityGlobals) = postSolution
		SolutionGuid = {2427CAF8-0D06-45D1-81E7-613021F23733}
	EndGlobalSection
EndGlobal
